// !$*UTF8*$!
{
	archiveVersion = 1;
	classes = {
	};
	objectVersion = 46;
	objects = {

/* Begin PBXBuildFile section */
		DBFAED6117093EC000EDA3FA /* UIKit.framework in Frameworks */ = {isa = PBXBuildFile; fileRef = DBFAED6017093EC000EDA3FA /* UIKit.framework */; };
		DBFAED6317093EC000EDA3FA /* Foundation.framework in Frameworks */ = {isa = PBXBuildFile; fileRef = DBFAED6217093EC000EDA3FA /* Foundation.framework */; };
		DBFAED6517093EC000EDA3FA /* CoreGraphics.framework in Frameworks */ = {isa = PBXBuildFile; fileRef = DBFAED6417093EC000EDA3FA /* CoreGraphics.framework */; };
		DBFAED6B17093EC000EDA3FA /* InfoPlist.strings in Resources */ = {isa = PBXBuildFile; fileRef = DBFAED6917093EC000EDA3FA /* InfoPlist.strings */; };
		DBFAED6D17093EC000EDA3FA /* main.m in Sources */ = {isa = PBXBuildFile; fileRef = DBFAED6C17093EC000EDA3FA /* main.m */; };
		DBFAED7117093EC000EDA3FA /* Mar28AppDelegate.m in Sources */ = {isa = PBXBuildFile; fileRef = DBFAED7017093EC000EDA3FA /* Mar28AppDelegate.m */; };
		DBFAED7317093EC000EDA3FA /* Default.png in Resources */ = {isa = PBXBuildFile; fileRef = DBFAED7217093EC000EDA3FA /* Default.png */; };
		DBFAED7517093EC000EDA3FA /* Default@2x.png in Resources */ = {isa = PBXBuildFile; fileRef = DBFAED7417093EC000EDA3FA /* Default@2x.png */; };
		DBFAED7717093EC000EDA3FA /* Default-568h@2x.png in Resources */ = {isa = PBXBuildFile; fileRef = DBFAED7617093EC000EDA3FA /* Default-568h@2x.png */; };
		DBFAED7F17093F7600EDA3FA /* View.m in Sources */ = {isa = PBXBuildFile; fileRef = DBFAED7E17093F7600EDA3FA /* View.m */; };
/* End PBXBuildFile section */

/* Begin PBXFileReference section */
		DBFAED5D17093EC000EDA3FA /* Mar28.app */ = {isa = PBXFileReference; explicitFileType = wrapper.application; includeInIndex = 0; path = Mar28.app; sourceTree = BUILT_PRODUCTS_DIR; };
		DBFAED6017093EC000EDA3FA /* UIKit.framework */ = {isa = PBXFileReference; lastKnownFileType = wrapper.framework; name = UIKit.framework; path = System/Library/Frameworks/UIKit.framework; sourceTree = SDKROOT; };
		DBFAED6217093EC000EDA3FA /* Foundation.framework */ = {isa = PBXFileReference; lastKnownFileType = wrapper.framework; name = Foundation.framework; path = System/Library/Frameworks/Foundation.framework; sourceTree = SDKROOT; };
		DBFAED6417093EC000EDA3FA /* CoreGraphics.framework */ = {isa = PBXFileReference; lastKnownFileType = wrapper.framework; name = CoreGraphics.framework; path = System/Library/Frameworks/CoreGraphics.framework; sourceTree = SDKROOT; };
		DBFAED6817093EC000EDA3FA /* Mar28-Info.plist */ = {isa = PBXFileReference; lastKnownFileType = text.plist.xml; path = "Mar28-Info.plist"; sourceTree = "<group>"; };
		DBFAED6A17093EC000EDA3FA /* en */ = {isa = PBXFileReference; lastKnownFileType = text.plist.strings; name = en; path = en.lproj/InfoPlist.strings; sourceTree = "<group>"; };
		DBFAED6C17093EC000EDA3FA /* main.m */ = {isa = PBXFileReference; lastKnownFileType = sourcecode.c.objc; path = main.m; sourceTree = "<group>"; };
		DBFAED6E17093EC000EDA3FA /* Mar28-Prefix.pch */ = {isa = PBXFileReference; lastKnownFileType = sourcecode.c.h; path = "Mar28-Prefix.pch"; sourceTree = "<group>"; };
		DBFAED6F17093EC000EDA3FA /* Mar28AppDelegate.h */ = {isa = PBXFileReference; lastKnownFileType = sourcecode.c.h; path = Mar28AppDelegate.h; sourceTree = "<group>"; };
		DBFAED7017093EC000EDA3FA /* Mar28AppDelegate.m */ = {isa = PBXFileReference; lastKnownFileType = sourcecode.c.objc; path = Mar28AppDelegate.m; sourceTree = "<group>"; };
		DBFAED7217093EC000EDA3FA /* Default.png */ = {isa = PBXFileReference; lastKnownFileType = image.png; path = Default.png; sourceTree = "<group>"; };
		DBFAED7417093EC000EDA3FA /* Default@2x.png */ = {isa = PBXFileReference; lastKnownFileType = image.png; path = "Default@2x.png"; sourceTree = "<group>"; };
		DBFAED7617093EC000EDA3FA /* Default-568h@2x.png */ = {isa = PBXFileReference; lastKnownFileType = image.png; path = "Default-568h@2x.png"; sourceTree = "<group>"; };
		DBFAED7D17093F7600EDA3FA /* View.h */ = {isa = PBXFileReference; fileEncoding = 4; lastKnownFileType = sourcecode.c.h; path = View.h; sourceTree = "<group>"; };
		DBFAED7E17093F7600EDA3FA /* View.m */ = {isa = PBXFileReference; fileEncoding = 4; lastKnownFileType = sourcecode.c.objc; path = View.m; sourceTree = "<group>"; };
/* End PBXFileReference section */

/* Begin PBXFrameworksBuildPhase section */
		DBFAED5A17093EC000EDA3FA /* Frameworks */ = {
			isa = PBXFrameworksBuildPhase;
			buildActionMask = 2147483647;
			files = (
				DBFAED6117093EC000EDA3FA /* UIKit.framework in Frameworks */,
				DBFAED6317093EC000EDA3FA /* Foundation.framework in Frameworks */,
				DBFAED6517093EC000EDA3FA /* CoreGraphics.framework in Frameworks */,
			);
			runOnlyForDeploymentPostprocessing = 0;
		};
/* End PBXFrameworksBuildPhase section */

/* Begin PBXGroup section */
		DBFAED5417093EC000EDA3FA = {
			isa = PBXGroup;
			children = (
				DBFAED6617093EC000EDA3FA /* Mar28 */,
				DBFAED5F17093EC000EDA3FA /* Frameworks */,
				DBFAED5E17093EC000EDA3FA /* Products */,
			);
			sourceTree = "<group>";
		};
		DBFAED5E17093EC000EDA3FA /* Products */ = {
			isa = PBXGroup;
			children = (
				DBFAED5D17093EC000EDA3FA /* Mar28.app */,
			);
			name = Products;
			sourceTree = "<group>";
		};
		DBFAED5F17093EC000EDA3FA /* Frameworks */ = {
			isa = PBXGroup;
			children = (
				DBFAED6017093EC000EDA3FA /* UIKit.framework */,
				DBFAED6217093EC000EDA3FA /* Foundation.framework */,
				DBFAED6417093EC000EDA3FA /* CoreGraphics.framework */,
			);
			name = Frameworks;
			sourceTree = "<group>";
		};
		DBFAED6617093EC000EDA3FA /* Mar28 */ = {
			isa = PBXGroup;
			children = (
				DBFAED6F17093EC000EDA3FA /* Mar28AppDelegate.h */,
				DBFAED7017093EC000EDA3FA /* Mar28AppDelegate.m */,
				DBFAED7D17093F7600EDA3FA /* View.h */,
				DBFAED7E17093F7600EDA3FA /* View.m */,
				DBFAED6717093EC000EDA3FA /* Supporting Files */,
			);
			path = Mar28;
			sourceTree = "<group>";
		};
		DBFAED6717093EC000EDA3FA /* Supporting Files */ = {
			isa = PBXGroup;
			children = (
				DBFAED6817093EC000EDA3FA /* Mar28-Info.plist */,
				DBFAED6917093EC000EDA3FA /* InfoPlist.strings */,
				DBFAED6C17093EC000EDA3FA /* main.m */,
				DBFAED6E17093EC000EDA3FA /* Mar28-Prefix.pch */,
				DBFAED7217093EC000EDA3FA /* Default.png */,
				DBFAED7417093EC000EDA3FA /* Default@2x.png */,
				DBFAED7617093EC000EDA3FA /* Default-568h@2x.png */,
			);
			name = "Supporting Files";
			sourceTree = "<group>";
		};
/* End PBXGroup section */

/* Begin PBXNativeTarget section */
		DBFAED5C17093EC000EDA3FA /* Mar28 */ = {
			isa = PBXNativeTarget;
			buildConfigurationList = DBFAED7A17093EC000EDA3FA /* Build configuration list for PBXNativeTarget "Mar28" */;
			buildPhases = (
				DBFAED5917093EC000EDA3FA /* Sources */,
				DBFAED5A17093EC000EDA3FA /* Frameworks */,
				DBFAED5B17093EC000EDA3FA /* Resources */,
			);
			buildRules = (
			);
			dependencies = (
			);
			name = Mar28;
			productName = Mar28;
			productReference = DBFAED5D17093EC000EDA3FA /* Mar28.app */;
			productType = "com.apple.product-type.application";
		};
/* End PBXNativeTarget section */

/* Begin PBXProject section */
		DBFAED5517093EC000EDA3FA /* Project object */ = {
			isa = PBXProject;
			attributes = {
				CLASSPREFIX = Mar28;
				LastUpgradeCheck = 0460;
				ORGANIZATIONNAME = "Joe Gabela";
			};
			buildConfigurationList = DBFAED5817093EC000EDA3FA /* Build configuration list for PBXProject "Mar28" */;
			compatibilityVersion = "Xcode 3.2";
			developmentRegion = English;
			hasScannedForEncodings = 0;
			knownRegions = (
				en,
			);
			mainGroup = DBFAED5417093EC000EDA3FA;
			productRefGroup = DBFAED5E17093EC000EDA3FA /* Products */;
			projectDirPath = "";
			projectRoot = "";
			targets = (
				DBFAED5C17093EC000EDA3FA /* Mar28 */,
			);
		};
/* End PBXProject section */

/* Begin PBXResourcesBuildPhase section */
		DBFAED5B17093EC000EDA3FA /* Resources */ = {
			isa = PBXResourcesBuildPhase;
			buildActionMask = 2147483647;
			files = (
				DBFAED6B17093EC000EDA3FA /* InfoPlist.strings in Resources */,
				DBFAED7317093EC000EDA3FA /* Default.png in Resources */,
				DBFAED7517093EC000EDA3FA /* Default@2x.png in Resources */,
				DBFAED7717093EC000EDA3FA /* Default-568h@2x.png in Resources */,
			);
			runOnlyForDeploymentPostprocessing = 0;
		};
/* End PBXResourcesBuildPhase section */

/* Begin PBXSourcesBuildPhase section */
		DBFAED5917093EC000EDA3FA /* Sources */ = {
			isa = PBXSourcesBuildPhase;
			buildActionMask = 2147483647;
			files = (
				DBFAED6D17093EC000EDA3FA /* main.m in Sources */,
				DBFAED7117093EC000EDA3FA /* Mar28AppDelegate.m in Sources */,
				DBFAED7F17093F7600EDA3FA /* View.m in Sources */,
			);
			runOnlyForDeploymentPostprocessing = 0;
		};
/* End PBXSourcesBuildPhase section */

/* Begin PBXVariantGroup section */
		DBFAED6917093EC000EDA3FA /* InfoPlist.strings */ = {
			isa = PBXVariantGroup;
			children = (
				DBFAED6A17093EC000EDA3FA /* en */,
			);
			name = InfoPlist.strings;
			sourceTree = "<group>";
		};
/* End PBXVariantGroup section */

/* Begin XCBuildConfiguration section */
		DBFAED7817093EC000EDA3FA /* Debug */ = {
			isa = XCBuildConfiguration;
			buildSettings = {
				ALWAYS_SEARCH_USER_PATHS = NO;
				CLANG_CXX_LANGUAGE_STANDARD = "gnu++0x";
				CLANG_CXX_LIBRARY = "libc++";
				CLANG_ENABLE_OBJC_ARC = YES;
				CLANG_WARN_CONSTANT_CONVERSION = YES;
				CLANG_WARN_EMPTY_BODY = YES;
				CLANG_WARN_ENUM_CONVERSION = YES;
				CLANG_WARN_INT_CONVERSION = YES;
				CLANG_WARN__DUPLICATE_METHOD_MATCH = YES;
				"CODE_SIGN_IDENTITY[sdk=iphoneos*]" = "iPhone Developer";
				COPY_PHASE_STRIP = NO;
				GCC_C_LANGUAGE_STANDARD = gnu99;
				GCC_DYNAMIC_NO_PIC = NO;
				GCC_OPTIMIZATION_LEVEL = 0;
				GCC_PREPROCESSOR_DEFINITIONS = (
					"DEBUG=1",
					"$(inherited)",
				);
				GCC_SYMBOLS_PRIVATE_EXTERN = NO;
				GCC_WARN_ABOUT_RETURN_TYPE = YES;
				GCC_WARN_UNINITIALIZED_AUTOS = YES;
				GCC_WARN_UNUSED_VARIABLE = YES;
				IPHONEOS_DEPLOYMENT_TARGET = 6.1;
				ONLY_ACTIVE_ARCH = YES;
				SDKROOT = iphoneos;
			};
			name = Debug;
		};
		DBFAED7917093EC000EDA3FA /* Release */ = {
			isa = XCBuildConfiguration;
			buildSettings = {
				ALWAYS_SEARCH_USER_PATHS = NO;
				CLANG_CXX_LANGUAGE_STANDARD = "gnu++0x";
				CLANG_CXX_LIBRARY = "libc++";
				CLANG_ENABLE_OBJC_ARC = YES;
				CLANG_WARN_CONSTANT_CONVERSION = YES;
				CLANG_WARN_EMPTY_BODY = YES;
				CLANG_WARN_ENUM_CONVERSION = YES;
				CLANG_WARN_INT_CONVERSION = YES;
				CLANG_WARN__DUPLICATE_METHOD_MATCH = YES;
				"CODE_SIGN_IDENTITY[sdk=iphoneos*]" = "iPhone Developer";
				COPY_PHASE_STRIP = YES;
				GCC_C_LANGUAGE_STANDARD = gnu99;
				GCC_WARN_ABOUT_RETURN_TYPE = YES;
				GCC_WARN_UNINITIALIZED_AUTOS = YES;
				GCC_WARN_UNUSED_VARIABLE = YES;
				IPHONEOS_DEPLOYMENT_TARGET = 6.1;
				OTHER_CFLAGS = "-DNS_BLOCK_ASSERTIONS=1";
				SDKROOT = iphoneos;
				VALIDATE_PRODUCT = YES;
			};
			name = Release;
		};
		DBFAED7B17093EC000EDA3FA /* Debug */ = {
			isa = XCBuildConfiguration;
			buildSettings = {
				GCC_PRECOMPILE_PREFIX_HEADER = YES;
				GCC_PREFIX_HEADER = "Mar28/Mar28-Prefix.pch";
				INFOPLIST_FILE = "Mar28/Mar28-Info.plist";
				PRODUCT_NAME = "$(TARGET_NAME)";
				WRAPPER_EXTENSION = app;
			};
			name = Debug;
		};
		DBFAED7C17093EC000EDA3FA /* Release */ = {
			isa = XCBuildConfiguration;
			buildSettings = {
				GCC_PRECOMPILE_PREFIX_HEADER = YES;
				GCC_PREFIX_HEADER = "Mar28/Mar28-Prefix.pch";
				INFOPLIST_FILE = "Mar28/Mar28-Info.plist";
				PRODUCT_NAME = "$(TARGET_NAME)";
				WRAPPER_EXTENSION = app;
			};
			name = Release;
		};
/* End XCBuildConfiguration section */

/* Begin XCConfigurationList section */
		DBFAED5817093EC000EDA3FA /* Build configuration list for PBXProject "Mar28" */ = {
			isa = XCConfigurationList;
			buildConfigurations = (
				DBFAED7817093EC000EDA3FA /* Debug */,
				DBFAED7917093EC000EDA3FA /* Release */,
			);
			defaultConfigurationIsVisible = 0;
			defaultConfigurationName = Release;
		};
		DBFAED7A17093EC000EDA3FA /* Build configuration list for PBXNativeTarget "Mar28" */ = {
			isa = XCConfigurationList;
			buildConfigurations = (
				DBFAED7B17093EC000EDA3FA /* Debug */,
				DBFAED7C17093EC000EDA3FA /* Release */,
			);
			defaultConfigurationIsVisible = 0;
		};
/* End XCConfigurationList section */
	};
	rootObject = DBFAED5517093EC000EDA3FA /* Project object */;
}
